// !$*UTF8*$!
{
	archiveVersion = 1;
	classes = {
	};
	objectVersion = 54;
	objects = {

/* Begin PBXBuildFile section */
		2387717A26F0232E00397B5F /* AppDelegate.swift in Sources */ = {isa = PBXBuildFile; fileRef = 2387717926F0232E00397B5F /* AppDelegate.swift */; };
		2387717C26F0232E00397B5F /* ViewController.swift in Sources */ = {isa = PBXBuildFile; fileRef = 2387717B26F0232E00397B5F /* ViewController.swift */; };
		2387717E26F0232E00397B5F /* Assets.xcassets in Resources */ = {isa = PBXBuildFile; fileRef = 2387717D26F0232E00397B5F /* Assets.xcassets */; };
		2387718126F0232E00397B5F /* Main.storyboard in Resources */ = {isa = PBXBuildFile; fileRef = 2387717F26F0232E00397B5F /* Main.storyboard */; };
		2387718C26F0235000397B5F /* DSFPagerControl in Frameworks */ = {isa = PBXBuildFile; productRef = 2387718B26F0235000397B5F /* DSFPagerControl */; };
		23EBC44D2C4BB6360045A140 /* Pager_SwiftUI_DemoApp.swift in Sources */ = {isa = PBXBuildFile; fileRef = 23EBC44C2C4BB6360045A140 /* Pager_SwiftUI_DemoApp.swift */; };
		23EBC44F2C4BB6360045A140 /* ContentView.swift in Sources */ = {isa = PBXBuildFile; fileRef = 23EBC44E2C4BB6360045A140 /* ContentView.swift */; };
		23EBC4512C4BB6370045A140 /* Assets.xcassets in Resources */ = {isa = PBXBuildFile; fileRef = 23EBC4502C4BB6370045A140 /* Assets.xcassets */; };
		23EBC4542C4BB6370045A140 /* Preview Assets.xcassets in Resources */ = {isa = PBXBuildFile; fileRef = 23EBC4532C4BB6370045A140 /* Preview Assets.xcassets */; };
		23EBC45B2C4BB6B80045A140 /* DSFPagerControl in Frameworks */ = {isa = PBXBuildFile; productRef = 23EBC45A2C4BB6B80045A140 /* DSFPagerControl */; };
/* End PBXBuildFile section */

/* Begin PBXFileReference section */
		2387717626F0232E00397B5F /* DSFPagerControl Demo.app */ = {isa = PBXFileReference; explicitFileType = wrapper.application; includeInIndex = 0; path = "DSFPagerControl Demo.app"; sourceTree = BUILT_PRODUCTS_DIR; };
		2387717926F0232E00397B5F /* AppDelegate.swift */ = {isa = PBXFileReference; lastKnownFileType = sourcecode.swift; path = AppDelegate.swift; sourceTree = "<group>"; };
		2387717B26F0232E00397B5F /* ViewController.swift */ = {isa = PBXFileReference; lastKnownFileType = sourcecode.swift; path = ViewController.swift; sourceTree = "<group>"; };
		2387717D26F0232E00397B5F /* Assets.xcassets */ = {isa = PBXFileReference; lastKnownFileType = folder.assetcatalog; path = Assets.xcassets; sourceTree = "<group>"; };
		2387718026F0232E00397B5F /* Base */ = {isa = PBXFileReference; lastKnownFileType = file.storyboard; name = Base; path = Base.lproj/Main.storyboard; sourceTree = "<group>"; };
		2387718226F0232E00397B5F /* Info.plist */ = {isa = PBXFileReference; lastKnownFileType = text.plist.xml; path = Info.plist; sourceTree = "<group>"; };
		2387718326F0232E00397B5F /* DSFPagerControl_Demo.entitlements */ = {isa = PBXFileReference; lastKnownFileType = text.plist.entitlements; path = DSFPagerControl_Demo.entitlements; sourceTree = "<group>"; };
		2387718926F0233500397B5F /* DSFPagerControl */ = {isa = PBXFileReference; lastKnownFileType = folder; name = DSFPagerControl; path = ../..; sourceTree = "<group>"; };
		23EBC44A2C4BB6360045A140 /* Pager SwiftUI Demo.app */ = {isa = PBXFileReference; explicitFileType = wrapper.application; includeInIndex = 0; path = "Pager SwiftUI Demo.app"; sourceTree = BUILT_PRODUCTS_DIR; };
		23EBC44C2C4BB6360045A140 /* Pager_SwiftUI_DemoApp.swift */ = {isa = PBXFileReference; lastKnownFileType = sourcecode.swift; path = Pager_SwiftUI_DemoApp.swift; sourceTree = "<group>"; };
		23EBC44E2C4BB6360045A140 /* ContentView.swift */ = {isa = PBXFileReference; lastKnownFileType = sourcecode.swift; path = ContentView.swift; sourceTree = "<group>"; };
		23EBC4502C4BB6370045A140 /* Assets.xcassets */ = {isa = PBXFileReference; lastKnownFileType = folder.assetcatalog; path = Assets.xcassets; sourceTree = "<group>"; };
		23EBC4532C4BB6370045A140 /* Preview Assets.xcassets */ = {isa = PBXFileReference; lastKnownFileType = folder.assetcatalog; path = "Preview Assets.xcassets"; sourceTree = "<group>"; };
		23EBC4552C4BB6370045A140 /* Pager_SwiftUI_Demo.entitlements */ = {isa = PBXFileReference; lastKnownFileType = text.plist.entitlements; path = Pager_SwiftUI_Demo.entitlements; sourceTree = "<group>"; };
		23EBC4592C4BB6B20045A140 /* Pager-SwiftUI-Demo-Info.plist */ = {isa = PBXFileReference; lastKnownFileType = text.plist; path = "Pager-SwiftUI-Demo-Info.plist"; sourceTree = SOURCE_ROOT; };
/* End PBXFileReference section */

/* Begin PBXFrameworksBuildPhase section */
		2387717326F0232E00397B5F /* Frameworks */ = {
			isa = PBXFrameworksBuildPhase;
			buildActionMask = 2147483647;
			files = (
				2387718C26F0235000397B5F /* DSFPagerControl in Frameworks */,
			);
			runOnlyForDeploymentPostprocessing = 0;
		};
		23EBC4472C4BB6360045A140 /* Frameworks */ = {
			isa = PBXFrameworksBuildPhase;
			buildActionMask = 2147483647;
			files = (
				23EBC45B2C4BB6B80045A140 /* DSFPagerControl in Frameworks */,
			);
			runOnlyForDeploymentPostprocessing = 0;
		};
/* End PBXFrameworksBuildPhase section */

/* Begin PBXGroup section */
		2387716D26F0232E00397B5F = {
			isa = PBXGroup;
			children = (
				2387718926F0233500397B5F /* DSFPagerControl */,
				2387717826F0232E00397B5F /* DSFPagerControl Demo */,
				23EBC44B2C4BB6360045A140 /* Pager SwiftUI Demo */,
				2387717726F0232E00397B5F /* Products */,
				2387718A26F0235000397B5F /* Frameworks */,
			);
			sourceTree = "<group>";
		};
		2387717726F0232E00397B5F /* Products */ = {
			isa = PBXGroup;
			children = (
				2387717626F0232E00397B5F /* DSFPagerControl Demo.app */,
				23EBC44A2C4BB6360045A140 /* Pager SwiftUI Demo.app */,
			);
			name = Products;
			sourceTree = "<group>";
		};
		2387717826F0232E00397B5F /* DSFPagerControl Demo */ = {
			isa = PBXGroup;
			children = (
				2387717926F0232E00397B5F /* AppDelegate.swift */,
				2387717B26F0232E00397B5F /* ViewController.swift */,
				2387717D26F0232E00397B5F /* Assets.xcassets */,
				2387717F26F0232E00397B5F /* Main.storyboard */,
				2387718226F0232E00397B5F /* Info.plist */,
				2387718326F0232E00397B5F /* DSFPagerControl_Demo.entitlements */,
			);
			path = "DSFPagerControl Demo";
			sourceTree = "<group>";
		};
		2387718A26F0235000397B5F /* Frameworks */ = {
			isa = PBXGroup;
			children = (
			);
			name = Frameworks;
			sourceTree = "<group>";
		};
		23EBC44B2C4BB6360045A140 /* Pager SwiftUI Demo */ = {
			isa = PBXGroup;
			children = (
				23EBC4592C4BB6B20045A140 /* Pager-SwiftUI-Demo-Info.plist */,
				23EBC44C2C4BB6360045A140 /* Pager_SwiftUI_DemoApp.swift */,
				23EBC44E2C4BB6360045A140 /* ContentView.swift */,
				23EBC4502C4BB6370045A140 /* Assets.xcassets */,
				23EBC4552C4BB6370045A140 /* Pager_SwiftUI_Demo.entitlements */,
				23EBC4522C4BB6370045A140 /* Preview Content */,
			);
			path = "Pager SwiftUI Demo";
			sourceTree = "<group>";
		};
		23EBC4522C4BB6370045A140 /* Preview Content */ = {
			isa = PBXGroup;
			children = (
				23EBC4532C4BB6370045A140 /* Preview Assets.xcassets */,
			);
			path = "Preview Content";
			sourceTree = "<group>";
		};
/* End PBXGroup section */

/* Begin PBXNativeTarget section */
		2387717526F0232E00397B5F /* DSFPagerControl Demo */ = {
			isa = PBXNativeTarget;
			buildConfigurationList = 2387718626F0232E00397B5F /* Build configuration list for PBXNativeTarget "DSFPagerControl Demo" */;
			buildPhases = (
				2387717226F0232E00397B5F /* Sources */,
				2387717326F0232E00397B5F /* Frameworks */,
				2387717426F0232E00397B5F /* Resources */,
			);
			buildRules = (
			);
			dependencies = (
			);
			name = "DSFPagerControl Demo";
			packageProductDependencies = (
				2387718B26F0235000397B5F /* DSFPagerControl */,
			);
			productName = "DSFPagerControl Demo";
			productReference = 2387717626F0232E00397B5F /* DSFPagerControl Demo.app */;
			productType = "com.apple.product-type.application";
		};
		23EBC4492C4BB6360045A140 /* Pager SwiftUI Demo */ = {
			isa = PBXNativeTarget;
			buildConfigurationList = 23EBC4582C4BB6370045A140 /* Build configuration list for PBXNativeTarget "Pager SwiftUI Demo" */;
			buildPhases = (
				23EBC4462C4BB6360045A140 /* Sources */,
				23EBC4472C4BB6360045A140 /* Frameworks */,
				23EBC4482C4BB6360045A140 /* Resources */,
			);
			buildRules = (
			);
			dependencies = (
			);
			name = "Pager SwiftUI Demo";
			packageProductDependencies = (
				23EBC45A2C4BB6B80045A140 /* DSFPagerControl */,
			);
			productName = "Pager SwiftUI Demo";
			productReference = 23EBC44A2C4BB6360045A140 /* Pager SwiftUI Demo.app */;
			productType = "com.apple.product-type.application";
		};
/* End PBXNativeTarget section */

/* Begin PBXProject section */
		2387716E26F0232E00397B5F /* Project object */ = {
			isa = PBXProject;
			attributes = {
				LastSwiftUpdateCheck = 1540;
				LastUpgradeCheck = 1250;
				TargetAttributes = {
					2387717526F0232E00397B5F = {
						CreatedOnToolsVersion = 12.5.1;
					};
					23EBC4492C4BB6360045A140 = {
						CreatedOnToolsVersion = 15.4;
					};
				};
			};
			buildConfigurationList = 2387717126F0232E00397B5F /* Build configuration list for PBXProject "DSFPagerControl Demo" */;
			compatibilityVersion = "Xcode 9.3";
			developmentRegion = en;
			hasScannedForEncodings = 0;
			knownRegions = (
				en,
				Base,
			);
			mainGroup = 2387716D26F0232E00397B5F;
			productRefGroup = 2387717726F0232E00397B5F /* Products */;
			projectDirPath = "";
			projectRoot = "";
			targets = (
				2387717526F0232E00397B5F /* DSFPagerControl Demo */,
				23EBC4492C4BB6360045A140 /* Pager SwiftUI Demo */,
			);
		};
/* End PBXProject section */

/* Begin PBXResourcesBuildPhase section */
		2387717426F0232E00397B5F /* Resources */ = {
			isa = PBXResourcesBuildPhase;
			buildActionMask = 2147483647;
			files = (
				2387717E26F0232E00397B5F /* Assets.xcassets in Resources */,
				2387718126F0232E00397B5F /* Main.storyboard in Resources */,
			);
			runOnlyForDeploymentPostprocessing = 0;
		};
		23EBC4482C4BB6360045A140 /* Resources */ = {
			isa = PBXResourcesBuildPhase;
			buildActionMask = 2147483647;
			files = (
				23EBC4542C4BB6370045A140 /* Preview Assets.xcassets in Resources */,
				23EBC4512C4BB6370045A140 /* Assets.xcassets in Resources */,
			);
			runOnlyForDeploymentPostprocessing = 0;
		};
/* End PBXResourcesBuildPhase section */

/* Begin PBXSourcesBuildPhase section */
		2387717226F0232E00397B5F /* Sources */ = {
			isa = PBXSourcesBuildPhase;
			buildActionMask = 2147483647;
			files = (
				2387717C26F0232E00397B5F /* ViewController.swift in Sources */,
				2387717A26F0232E00397B5F /* AppDelegate.swift in Sources */,
			);
			runOnlyForDeploymentPostprocessing = 0;
		};
		23EBC4462C4BB6360045A140 /* Sources */ = {
			isa = PBXSourcesBuildPhase;
			buildActionMask = 2147483647;
			files = (
				23EBC44F2C4BB6360045A140 /* ContentView.swift in Sources */,
				23EBC44D2C4BB6360045A140 /* Pager_SwiftUI_DemoApp.swift in Sources */,
			);
			runOnlyForDeploymentPostprocessing = 0;
		};
/* End PBXSourcesBuildPhase section */

/* Begin PBXVariantGroup section */
		2387717F26F0232E00397B5F /* Main.storyboard */ = {
			isa = PBXVariantGroup;
			children = (
				2387718026F0232E00397B5F /* Base */,
			);
			name = Main.storyboard;
			sourceTree = "<group>";
		};
/* End PBXVariantGroup section */

/* Begin XCBuildConfiguration section */
		2387718426F0232E00397B5F /* Debug */ = {
			isa = XCBuildConfiguration;
			buildSettings = {
				ALWAYS_SEARCH_USER_PATHS = NO;
				CLANG_ANALYZER_NONNULL = YES;
				CLANG_ANALYZER_NUMBER_OBJECT_CONVERSION = YES_AGGRESSIVE;
				CLANG_CXX_LANGUAGE_STANDARD = "gnu++14";
				CLANG_CXX_LIBRARY = "libc++";
				CLANG_ENABLE_MODULES = YES;
				CLANG_ENABLE_OBJC_ARC = YES;
				CLANG_ENABLE_OBJC_WEAK = YES;
				CLANG_WARN_BLOCK_CAPTURE_AUTORELEASING = YES;
				CLANG_WARN_BOOL_CONVERSION = YES;
				CLANG_WARN_COMMA = YES;
				CLANG_WARN_CONSTANT_CONVERSION = YES;
				CLANG_WARN_DEPRECATED_OBJC_IMPLEMENTATIONS = YES;
				CLANG_WARN_DIRECT_OBJC_ISA_USAGE = YES_ERROR;
				CLANG_WARN_DOCUMENTATION_COMMENTS = YES;
				CLANG_WARN_EMPTY_BODY = YES;
				CLANG_WARN_ENUM_CONVERSION = YES;
				CLANG_WARN_INFINITE_RECURSION = YES;
				CLANG_WARN_INT_CONVERSION = YES;
				CLANG_WARN_NON_LITERAL_NULL_CONVERSION = YES;
				CLANG_WARN_OBJC_IMPLICIT_RETAIN_SELF = YES;
				CLANG_WARN_OBJC_LITERAL_CONVERSION = YES;
				CLANG_WARN_OBJC_ROOT_CLASS = YES_ERROR;
				CLANG_WARN_QUOTED_INCLUDE_IN_FRAMEWORK_HEADER = YES;
				CLANG_WARN_RANGE_LOOP_ANALYSIS = YES;
				CLANG_WARN_STRICT_PROTOTYPES = YES;
				CLANG_WARN_SUSPICIOUS_MOVE = YES;
				CLANG_WARN_UNGUARDED_AVAILABILITY = YES_AGGRESSIVE;
				CLANG_WARN_UNREACHABLE_CODE = YES;
				CLANG_WARN__DUPLICATE_METHOD_MATCH = YES;
				COPY_PHASE_STRIP = NO;
				DEBUG_INFORMATION_FORMAT = dwarf;
				ENABLE_STRICT_OBJC_MSGSEND = YES;
				ENABLE_TESTABILITY = YES;
				GCC_C_LANGUAGE_STANDARD = gnu11;
				GCC_DYNAMIC_NO_PIC = NO;
				GCC_NO_COMMON_BLOCKS = YES;
				GCC_OPTIMIZATION_LEVEL = 0;
				GCC_PREPROCESSOR_DEFINITIONS = (
					"DEBUG=1",
					"$(inherited)",
				);
				GCC_WARN_64_TO_32_BIT_CONVERSION = YES;
				GCC_WARN_ABOUT_RETURN_TYPE = YES_ERROR;
				GCC_WARN_UNDECLARED_SELECTOR = YES;
				GCC_WARN_UNINITIALIZED_AUTOS = YES_AGGRESSIVE;
				GCC_WARN_UNUSED_FUNCTION = YES;
				GCC_WARN_UNUSED_VARIABLE = YES;
				MACOSX_DEPLOYMENT_TARGET = 10.13;
				MTL_ENABLE_DEBUG_INFO = INCLUDE_SOURCE;
				MTL_FAST_MATH = YES;
				ONLY_ACTIVE_ARCH = YES;
				SDKROOT = macosx;
				SWIFT_ACTIVE_COMPILATION_CONDITIONS = DEBUG;
				SWIFT_OPTIMIZATION_LEVEL = "-Onone";
			};
			name = Debug;
		};
		2387718526F0232E00397B5F /* Release */ = {
			isa = XCBuildConfiguration;
			buildSettings = {
				ALWAYS_SEARCH_USER_PATHS = NO;
				CLANG_ANALYZER_NONNULL = YES;
				CLANG_ANALYZER_NUMBER_OBJECT_CONVERSION = YES_AGGRESSIVE;
				CLANG_CXX_LANGUAGE_STANDARD = "gnu++14";
				CLANG_CXX_LIBRARY = "libc++";
				CLANG_ENABLE_MODULES = YES;
				CLANG_ENABLE_OBJC_ARC = YES;
				CLANG_ENABLE_OBJC_WEAK = YES;
				CLANG_WARN_BLOCK_CAPTURE_AUTORELEASING = YES;
				CLANG_WARN_BOOL_CONVERSION = YES;
				CLANG_WARN_COMMA = YES;
				CLANG_WARN_CONSTANT_CONVERSION = YES;
				CLANG_WARN_DEPRECATED_OBJC_IMPLEMENTATIONS = YES;
				CLANG_WARN_DIRECT_OBJC_ISA_USAGE = YES_ERROR;
				CLANG_WARN_DOCUMENTATION_COMMENTS = YES;
				CLANG_WARN_EMPTY_BODY = YES;
				CLANG_WARN_ENUM_CONVERSION = YES;
				CLANG_WARN_INFINITE_RECURSION = YES;
				CLANG_WARN_INT_CONVERSION = YES;
				CLANG_WARN_NON_LITERAL_NULL_CONVERSION = YES;
				CLANG_WARN_OBJC_IMPLICIT_RETAIN_SELF = YES;
				CLANG_WARN_OBJC_LITERAL_CONVERSION = YES;
				CLANG_WARN_OBJC_ROOT_CLASS = YES_ERROR;
				CLANG_WARN_QUOTED_INCLUDE_IN_FRAMEWORK_HEADER = YES;
				CLANG_WARN_RANGE_LOOP_ANALYSIS = YES;
				CLANG_WARN_STRICT_PROTOTYPES = YES;
				CLANG_WARN_SUSPICIOUS_MOVE = YES;
				CLANG_WARN_UNGUARDED_AVAILABILITY = YES_AGGRESSIVE;
				CLANG_WARN_UNREACHABLE_CODE = YES;
				CLANG_WARN__DUPLICATE_METHOD_MATCH = YES;
				COPY_PHASE_STRIP = NO;
				DEBUG_INFORMATION_FORMAT = "dwarf-with-dsym";
				ENABLE_NS_ASSERTIONS = NO;
				ENABLE_STRICT_OBJC_MSGSEND = YES;
				GCC_C_LANGUAGE_STANDARD = gnu11;
				GCC_NO_COMMON_BLOCKS = YES;
				GCC_WARN_64_TO_32_BIT_CONVERSION = YES;
				GCC_WARN_ABOUT_RETURN_TYPE = YES_ERROR;
				GCC_WARN_UNDECLARED_SELECTOR = YES;
				GCC_WARN_UNINITIALIZED_AUTOS = YES_AGGRESSIVE;
				GCC_WARN_UNUSED_FUNCTION = YES;
				GCC_WARN_UNUSED_VARIABLE = YES;
				MACOSX_DEPLOYMENT_TARGET = 10.13;
				MTL_ENABLE_DEBUG_INFO = NO;
				MTL_FAST_MATH = YES;
				SDKROOT = macosx;
				SWIFT_COMPILATION_MODE = wholemodule;
				SWIFT_OPTIMIZATION_LEVEL = "-O";
			};
			name = Release;
		};
		2387718726F0232E00397B5F /* Debug */ = {
			isa = XCBuildConfiguration;
			buildSettings = {
				ASSETCATALOG_COMPILER_APPICON_NAME = AppIcon;
				ASSETCATALOG_COMPILER_GLOBAL_ACCENT_COLOR_NAME = AccentColor;
				CODE_SIGN_ENTITLEMENTS = "DSFPagerControl Demo/DSFPagerControl_Demo.entitlements";
				CODE_SIGN_STYLE = Automatic;
				COMBINE_HIDPI_IMAGES = YES;
				DEVELOPMENT_TEAM = 3L6RK3LGGW;
				ENABLE_HARDENED_RUNTIME = YES;
				INFOPLIST_FILE = "DSFPagerControl Demo/Info.plist";
				LD_RUNPATH_SEARCH_PATHS = (
					"$(inherited)",
					"@executable_path/../Frameworks",
				);
				PRODUCT_BUNDLE_IDENTIFIER = "com.dagronf.DSFPagerControl-Demo";
				PRODUCT_NAME = "$(TARGET_NAME)";
				SWIFT_VERSION = 5.0;
			};
			name = Debug;
		};
		2387718826F0232E00397B5F /* Release */ = {
			isa = XCBuildConfiguration;
			buildSettings = {
				ASSETCATALOG_COMPILER_APPICON_NAME = AppIcon;
				ASSETCATALOG_COMPILER_GLOBAL_ACCENT_COLOR_NAME = AccentColor;
				CODE_SIGN_ENTITLEMENTS = "DSFPagerControl Demo/DSFPagerControl_Demo.entitlements";
				CODE_SIGN_STYLE = Automatic;
				COMBINE_HIDPI_IMAGES = YES;
				DEVELOPMENT_TEAM = 3L6RK3LGGW;
				ENABLE_HARDENED_RUNTIME = YES;
				INFOPLIST_FILE = "DSFPagerControl Demo/Info.plist";
				LD_RUNPATH_SEARCH_PATHS = (
					"$(inherited)",
					"@executable_path/../Frameworks",
				);
				PRODUCT_BUNDLE_IDENTIFIER = "com.dagronf.DSFPagerControl-Demo";
				PRODUCT_NAME = "$(TARGET_NAME)";
				SWIFT_VERSION = 5.0;
			};
			name = Release;
		};
		23EBC4562C4BB6370045A140 /* Debug */ = {
			isa = XCBuildConfiguration;
			buildSettings = {
				ASSETCATALOG_COMPILER_APPICON_NAME = AppIcon;
				ASSETCATALOG_COMPILER_GENERATE_SWIFT_ASSET_SYMBOL_EXTENSIONS = YES;
				ASSETCATALOG_COMPILER_GLOBAL_ACCENT_COLOR_NAME = AccentColor;
				CLANG_CXX_LANGUAGE_STANDARD = "gnu++20";
				CODE_SIGN_ENTITLEMENTS = "Pager SwiftUI Demo/Pager_SwiftUI_Demo.entitlements";
				CODE_SIGN_STYLE = Automatic;
				COMBINE_HIDPI_IMAGES = YES;
				CURRENT_PROJECT_VERSION = 1;
				DEVELOPMENT_ASSET_PATHS = "\"Pager SwiftUI Demo/Preview Content\"";
				DEVELOPMENT_TEAM = 3L6RK3LGGW;
				ENABLE_HARDENED_RUNTIME = YES;
				ENABLE_PREVIEWS = YES;
				ENABLE_USER_SCRIPT_SANDBOXING = YES;
				GCC_C_LANGUAGE_STANDARD = gnu17;
				GENERATE_INFOPLIST_FILE = YES;
				INFOPLIST_FILE = "Pager-SwiftUI-Demo-Info.plist";
				INFOPLIST_KEY_NSHumanReadableCopyright = "";
				LD_RUNPATH_SEARCH_PATHS = (
					"$(inherited)",
					"@executable_path/../Frameworks",
				);
				LOCALIZATION_PREFERS_STRING_CATALOGS = YES;
				MACOSX_DEPLOYMENT_TARGET = 14.5;
				MARKETING_VERSION = 1.0;
				PRODUCT_BUNDLE_IDENTIFIER = "org.dagronf.Pager-SwiftUI-Demo";
				PRODUCT_NAME = "$(TARGET_NAME)";
				SWIFT_ACTIVE_COMPILATION_CONDITIONS = "DEBUG $(inherited)";
				SWIFT_EMIT_LOC_STRINGS = YES;
				SWIFT_VERSION = 5.0;
			};
			name = Debug;
		};
		23EBC4572C4BB6370045A140 /* Release */ = {
			isa = XCBuildConfiguration;
			buildSettings = {
				ASSETCATALOG_COMPILER_APPICON_NAME = AppIcon;
				ASSETCATALOG_COMPILER_GENERATE_SWIFT_ASSET_SYMBOL_EXTENSIONS = YES;
				ASSETCATALOG_COMPILER_GLOBAL_ACCENT_COLOR_NAME = AccentColor;
				CLANG_CXX_LANGUAGE_STANDARD = "gnu++20";
				CODE_SIGN_ENTITLEMENTS = "Pager SwiftUI Demo/Pager_SwiftUI_Demo.entitlements";
				CODE_SIGN_STYLE = Automatic;
				COMBINE_HIDPI_IMAGES = YES;
				CURRENT_PROJECT_VERSION = 1;
				DEVELOPMENT_ASSET_PATHS = "\"Pager SwiftUI Demo/Preview Content\"";
				DEVELOPMENT_TEAM = 3L6RK3LGGW;
				ENABLE_HARDENED_RUNTIME = YES;
				ENABLE_PREVIEWS = YES;
				ENABLE_USER_SCRIPT_SANDBOXING = YES;
				GCC_C_LANGUAGE_STANDARD = gnu17;
				GENERATE_INFOPLIST_FILE = YES;
				INFOPLIST_FILE = "Pager-SwiftUI-Demo-Info.plist";
				INFOPLIST_KEY_NSHumanReadableCopyright = "";
				LD_RUNPATH_SEARCH_PATHS = (
					"$(inherited)",
					"@executable_path/../Frameworks",
				);
				LOCALIZATION_PREFERS_STRING_CATALOGS = YES;
				MACOSX_DEPLOYMENT_TARGET = 14.5;
				MARKETING_VERSION = 1.0;
				PRODUCT_BUNDLE_IDENTIFIER = "org.dagronf.Pager-SwiftUI-Demo";
				PRODUCT_NAME = "$(TARGET_NAME)";
				SWIFT_EMIT_LOC_STRINGS = YES;
				SWIFT_VERSION = 5.0;
			};
			name = Release;
		};
/* End XCBuildConfiguration section */

/* Begin XCConfigurationList section */
		2387717126F0232E00397B5F /* Build configuration list for PBXProject "DSFPagerControl Demo" */ = {
			isa = XCConfigurationList;
			buildConfigurations = (
				2387718426F0232E00397B5F /* Debug */,
				2387718526F0232E00397B5F /* Release */,
			);
			defaultConfigurationIsVisible = 0;
			defaultConfigurationName = Release;
		};
		2387718626F0232E00397B5F /* Build configuration list for PBXNativeTarget "DSFPagerControl Demo" */ = {
			isa = XCConfigurationList;
			buildConfigurations = (
				2387718726F0232E00397B5F /* Debug */,
				2387718826F0232E00397B5F /* Release */,
			);
			defaultConfigurationIsVisible = 0;
			defaultConfigurationName = Release;
		};
		23EBC4582C4BB6370045A140 /* Build configuration list for PBXNativeTarget "Pager SwiftUI Demo" */ = {
			isa = XCConfigurationList;
			buildConfigurations = (
				23EBC4562C4BB6370045A140 /* Debug */,
				23EBC4572C4BB6370045A140 /* Release */,
			);
			defaultConfigurationIsVisible = 0;
			defaultConfigurationName = Release;
		};
/* End XCConfigurationList section */

/* Begin XCSwiftPackageProductDependency section */
		2387718B26F0235000397B5F /* DSFPagerControl */ = {
			isa = XCSwiftPackageProductDependency;
			productName = DSFPagerControl;
		};
		23EBC45A2C4BB6B80045A140 /* DSFPagerControl */ = {
			isa = XCSwiftPackageProductDependency;
			productName = DSFPagerControl;
		};
/* End XCSwiftPackageProductDependency section */
	};
	rootObject = 2387716E26F0232E00397B5F /* Project object */;
}
